{
  "name": "superdesigner",
  "version": "0.1.0",
  "lockfileVersion": 3,
  "requires": true,
  "packages": {
    "": {
      "name": "superdesigner",
      "version": "0.1.0",
      "license": "MIT",
      "bin": {
        "superdesigner": ".superdesigner/bin/superdesigner.js"
      },
      "engines": {
        "node": ">=18"
      }
    }
  }
}
